
Microsoft Visual Studio Solution File, Format Version 12.00
# Visual Studio Version 17
VisualStudioVersion = 17.2.32526.322
MinimumVisualStudioVersion = 10.0.40219.1
Project("{9A19103F-16F7-4668-BE54-9A1E7A4F7556}") = "Configurador Central Ethernet", "Configurador Central Ethernet\Configurador Central Ethernet.csproj", "{3E6BF469-BD65-44E4-8288-00D9193CBB19}"
EndProject
Global
	GlobalSection(SolutionConfigurationPlatforms) = preSolution
		Debug|Any CPU = Debug|Any CPU
		Release|Any CPU = Release|Any CPU
	EndGlobalSection
	GlobalSection(ProjectConfigurationPlatforms) = postSolution
		{3E6BF469-BD65-44E4-8288-00D9193CBB19}.Debug|Any CPU.ActiveCfg = Debug|Any CPU
		{3E6BF469-BD65-44E4-8288-00D9193CBB19}.Debug|Any CPU.Build.0 = Debug|Any CPU
		{3E6BF469-BD65-44E4-8288-00D9193CBB19}.Release|Any CPU.ActiveCfg = Release|Any CPU
		{3E6BF469-BD65-44E4-8288-00D9193CBB19}.Release|Any CPU.Build.0 = Release|Any CPU
	EndGlobalSection
	GlobalSection(SolutionProperties) = preSolution
		HideSolutionNode = FALSE
	EndGlobalSection
	GlobalSection(ExtensibilityGlobals) = postSolution
		SolutionGuid = {D4913FF7-F3CA-4B87-B3FF-31829C389580}
	EndGlobalSection
EndGlobal
